
Microsoft Visual Studio Solution File, Format Version 12.00
# Visual Studio 15
VisualStudioVersion = 15.0.26430.16
MinimumVisualStudioVersion = 10.0.40219.1
Project("{2150E333-8FDC-42A3-9474-1A3956D46DE8}") = "01、HelloWord", "01、HelloWord", "{15963773-1B40-44C8-9279-BAD814D0913A}"
EndProject
Project("{FAE04EC0-301F-11D3-BF4B-00C04F79EFBC}") = "HelloWord", "01、HelloWord\HelloWord\HelloWord.csproj", "{801454A8-7E30-4BF7-820F-FE78F489361A}"
EndProject
Project("{2150E333-8FDC-42A3-9474-1A3956D46DE8}") = "02、图层的添加和删除", "02、图层的添加和删除", "{C17D8282-D6B6-4894-B815-E09950F7B83E}"
EndProject
Project("{FAE04EC0-301F-11D3-BF4B-00C04F79EFBC}") = "图层的添加和删除", "02、图层的添加和删除\图层的添加和删除\图层的添加和删除.csproj", "{FEAE348B-8866-4E2D-8F25-A123BE67B4D1}"
EndProject
Project("{2150E333-8FDC-42A3-9474-1A3956D46DE8}") = "03、元素的添加和删除及属性样式设置", "03、元素的添加和删除及属性样式设置", "{5F195B31-A7EC-4040-96CE-12AC908AD24E}"
EndProject
Project("{FAE04EC0-301F-11D3-BF4B-00C04F79EFBC}") = "元素的添加和删除及属性样式设置", "03、元素的添加和删除及属性样式设置\元素的添加和删除及属性样式设置\元素的添加和删除及属性样式设置.csproj", "{821ADD4F-A518-4FB4-90C4-84349DD11E47}"
EndProject
Project("{FAE04EC0-301F-11D3-BF4B-00C04F79EFBC}") = "获取要素并且设置显示隐藏", "03、元素的添加和删除及属性样式设置\获取要素并且设置显示隐藏\获取要素并且设置显示隐藏.csproj", "{22E103F4-3CFB-4C4B-BB26-B82E8F460FBA}"
EndProject
Project("{FAE04EC0-301F-11D3-BF4B-00C04F79EFBC}") = "气泡与标注", "03、元素的添加和删除及属性样式设置\气泡与标注\气泡与标注.csproj", "{AD0EB48E-BE17-45A9-8765-C89E57548CA3}"
EndProject
Project("{FAE04EC0-301F-11D3-BF4B-00C04F79EFBC}") = "几何要素添加", "03、元素的添加和删除及属性样式设置\几何要素添加\几何要素添加.csproj", "{21AA5582-4AC8-4A29-9BCB-3B5EC4C687A3}"
EndProject
Project("{2150E333-8FDC-42A3-9474-1A3956D46DE8}") = "04、HUD以及视角设置", "04、HUD以及视角设置", "{3B9ECBB6-DFBC-4592-9C63-4DCDB8871574}"
EndProject
Project("{FAE04EC0-301F-11D3-BF4B-00C04F79EFBC}") = "OperateObject", "03、元素的添加和删除及属性样式设置_几何对象添加\几何对象添加\OperateObject.csproj", "{47AE5F9F-24B7-4101-8427-BB0EDCA88CEC}"
EndProject
Project("{FAE04EC0-301F-11D3-BF4B-00C04F79EFBC}") = "HUD", "04、HUD以及视角设置\HUD\HUD.csproj", "{03CE23E7-CF29-428B-BBFE-35FE72C6B2D2}"
EndProject
Project("{FAE04EC0-301F-11D3-BF4B-00C04F79EFBC}") = "地图全屏", "04、HUD以及视角设置\地图全屏\地图全屏.csproj", "{6CA1BFBA-CEC4-4A65-B147-21A47BF97C46}"
EndProject
Project("{FAE04EC0-301F-11D3-BF4B-00C04F79EFBC}") = "视角设置", "04、HUD以及视角设置\视角设置\视角设置.csproj", "{009655F3-4FF4-4CF8-B3BD-7AC795F62E3F}"
EndProject
Project("{FAE04EC0-301F-11D3-BF4B-00C04F79EFBC}") = "三维立体", "04、HUD以及视角设置\三维立体\三维立体.csproj", "{753E48BC-F24A-4A2A-91D6-3CDA3E9A200B}"
EndProject
Project("{FAE04EC0-301F-11D3-BF4B-00C04F79EFBC}") = "飞行模式", "04、HUD以及视角设置\沿线飞行\飞行模式.csproj", "{FA235742-B9AF-4D96-B350-C09611D0E546}"
EndProject
Project("{FAE04EC0-301F-11D3-BF4B-00C04F79EFBC}") = "界面文字", "04、HUD以及视角设置\界面文字\界面文字.csproj", "{E8D64E48-F9C2-4EB1-B45E-E4C5ACAD1720}"
EndProject
Project("{2150E333-8FDC-42A3-9474-1A3956D46DE8}") = "05、绘制模式", "05、绘制模式", "{134CBB3D-C0F3-450C-B350-0376C20C1E6E}"
EndProject
Project("{FAE04EC0-301F-11D3-BF4B-00C04F79EFBC}") = "绘制模式", "05、绘制模式\绘制模式\绘制模式.csproj", "{DBC5C350-0D19-4506-AD30-F58924D03189}"
EndProject
Project("{2150E333-8FDC-42A3-9474-1A3956D46DE8}") = "06、工程文件的打开和保存", "06、工程文件的打开和保存", "{CFD8A8AC-7783-4670-BB0C-A9F834686603}"
EndProject
Project("{FAE04EC0-301F-11D3-BF4B-00C04F79EFBC}") = "工程文件的打开和保存", "06、工程文件的打开和保存\工程文件的打开和保存\工程文件的打开和保存.csproj", "{8C0554A1-076F-4A0B-BBF4-80A159A5BFCA}"
EndProject
Project("{2150E333-8FDC-42A3-9474-1A3956D46DE8}") = "07、连接服务器", "07、连接服务器", "{CCEC3AA1-A621-41B6-9465-2FAB413332F3}"
EndProject
Project("{FAE04EC0-301F-11D3-BF4B-00C04F79EFBC}") = "连接服务器", "07、连接服务器\连接服务器\连接服务器.csproj", "{27D30CAF-72C3-4740-B65E-196B47349AB8}"
EndProject
Project("{2150E333-8FDC-42A3-9474-1A3956D46DE8}") = "08、测量", "08、测量", "{E4EDAE55-9B79-4365-B57E-EFE9F589F346}"
EndProject
Project("{FAE04EC0-301F-11D3-BF4B-00C04F79EFBC}") = "测量", "08、测量\测量\测量.csproj", "{A4617F35-9CEA-431A-B211-D23287A4055B}"
EndProject
Project("{2150E333-8FDC-42A3-9474-1A3956D46DE8}") = "09、事件机制", "09、事件机制", "{1ED3C22C-6CDD-4FF0-AD9E-152FC057624E}"
EndProject
Project("{FAE04EC0-301F-11D3-BF4B-00C04F79EFBC}") = "事件机制", "09、事件机制\事件机制\事件机制.csproj", "{397F0B49-65D2-49B0-AB9C-EAC8A6FF031A}"
EndProject
Project("{2150E333-8FDC-42A3-9474-1A3956D46DE8}") = "10、分析", "10、分析", "{53F934A2-4002-47A7-ABB7-A0838F52C86B}"
EndProject
Project("{FAE04EC0-301F-11D3-BF4B-00C04F79EFBC}") = "ZedGraph类库", "10、分析\ZedGraph类库\ZedGraph类库.csproj", "{92176EA4-3E00-48D5-9C2D-2222A2E8CA9F}"
EndProject
Project("{FAE04EC0-301F-11D3-BF4B-00C04F79EFBC}") = "剖面分析", "10、分析\剖面分析\剖面分析.csproj", "{0E46031A-AB5D-4A56-B846-D103B3F6AE9F}"
EndProject
Project("{FAE04EC0-301F-11D3-BF4B-00C04F79EFBC}") = "填挖方分析", "10、分析\填挖方分析\填挖方分析.csproj", "{9BFBEEE8-0299-4A39-897C-9AE6E82BD741}"
EndProject
Project("{FAE04EC0-301F-11D3-BF4B-00C04F79EFBC}") = "通视分析，可视域分析，雷达分析", "10、分析\通视分析\通视分析，可视域分析，雷达分析.csproj", "{5660806C-BB94-4632-A4B6-29588B1596A9}"
EndProject
Project("{FAE04EC0-301F-11D3-BF4B-00C04F79EFBC}") = "淹没模拟", "10、分析\淹没模拟\淹没模拟.csproj", "{68A6297A-530B-4F9C-A24E-1E814FAB11F4}"
EndProject
Project("{FAE04EC0-301F-11D3-BF4B-00C04F79EFBC}") = "缓冲区创建", "10、分析\缓冲区创建\缓冲区创建.csproj", "{70A5DF8B-2891-4AEC-8E49-7C1A72779A30}"
EndProject
Project("{FAE04EC0-301F-11D3-BF4B-00C04F79EFBC}") = "3D可视域分析", "10、分析\3D可视域分析\3D可视域分析.csproj", "{E5528AEF-A77D-4E42-95F1-68E7853D4BB4}"
EndProject
Project("{FAE04EC0-301F-11D3-BF4B-00C04F79EFBC}") = "挖坑分析", "10、分析\挖坑分析\挖坑分析.csproj", "{2E6FED77-DEEB-476F-82E7-02D14FF167F4}"
EndProject
Project("{FAE04EC0-301F-11D3-BF4B-00C04F79EFBC}") = "日照分析", "10、分析\日照分析\日照分析.csproj", "{2AB8C57C-8469-4740-AB37-4CFB5F50A609}"
EndProject
Project("{2150E333-8FDC-42A3-9474-1A3956D46DE8}") = "11、输出", "11、输出", "{C52EA538-1F69-4032-9C0D-9A25DAD36F14}"
EndProject
Project("{FAE04EC0-301F-11D3-BF4B-00C04F79EFBC}") = "高清截图", "11、输出\输出\高清截图.csproj", "{7B4C661B-9A16-496D-A2E7-2F7BF7A2C48A}"
EndProject
Project("{FAE04EC0-301F-11D3-BF4B-00C04F79EFBC}") = "影像拼接以及无效过滤", "11、输出\影响拼接以及无效过滤\影像拼接以及无效过滤.csproj", "{7E1891C2-28E5-4F35-A905-6A8B14BD5D5C}"
EndProject
Project("{2150E333-8FDC-42A3-9474-1A3956D46DE8}") = "12、PhotoTrack", "12、PhotoTrack", "{421D167F-7921-48E5-A14C-DEB2AB38ECF4}"
EndProject
Project("{FAE04EC0-301F-11D3-BF4B-00C04F79EFBC}") = "PhotoTrack", "12、PhotoTrack\PhotoTrack\PhotoTrack.csproj", "{2CF3B2BE-3EE3-47D9-996E-BA5DE18499AD}"
EndProject
Project("{2150E333-8FDC-42A3-9474-1A3956D46DE8}") = "13.1、LDB数据支持", "13.1、LDB数据支持", "{353AB909-3CAD-43E4-BD9D-248F25E41DAF}"
EndProject
Project("{FAE04EC0-301F-11D3-BF4B-00C04F79EFBC}") = "LDBSupport", "13.1、LDB数据支持\LDB数据支持\LDBSupport.csproj", "{CB8EDC1D-05C1-4B04-B93E-02BB39CBBCF6}"
EndProject
Project("{2150E333-8FDC-42A3-9474-1A3956D46DE8}") = "13.2、CAD数据支持", "13.2、CAD数据支持", "{E9E7D3E1-A224-4777-BD08-5C808F834B39}"
EndProject
Project("{FAE04EC0-301F-11D3-BF4B-00C04F79EFBC}") = "导入CAD数据", "13.2、CAD数据支持\导入CAD数据\导入CAD数据.csproj", "{D40A29DE-5446-4AF6-8A61-009013B8896B}"
EndProject
Project("{2150E333-8FDC-42A3-9474-1A3956D46DE8}") = "13.4、矢量数据操作", "13.4、矢量数据操作", "{4859CF19-25DF-4CF1-B8BB-D69095147744}"
EndProject
Project("{FAE04EC0-301F-11D3-BF4B-00C04F79EFBC}") = "矢量数据操作", "13.4、矢量数据操作\矢量数据操作\矢量数据操作.csproj", "{F2473557-7766-4A3D-9032-882110BD401D}"
EndProject
Project("{2150E333-8FDC-42A3-9474-1A3956D46DE8}") = "13.5、图层属性表操作", "13.5、图层属性表操作", "{B653CC22-4564-495D-9FDE-CB933ABC3D18}"
EndProject
Project("{FAE04EC0-301F-11D3-BF4B-00C04F79EFBC}") = "LayerAttriTableEdit", "13.5、图层属性表操作\图层属性表操作\LayerAttriTableEdit.csproj", "{1EBB95F1-15DD-4202-8977-4475B98741A1}"
EndProject
Project("{2150E333-8FDC-42A3-9474-1A3956D46DE8}") = "14、倾斜摄影支持", "14、倾斜摄影支持", "{BE670BCC-F19F-4F97-AB97-6A3032E6E7E9}"
EndProject
Project("{FAE04EC0-301F-11D3-BF4B-00C04F79EFBC}") = "LFPSupport", "14、倾斜摄影支持\倾斜摄影支持\LFPSupport.csproj", "{9F200ED9-E8CD-48CF-BE7C-ACB6B35D38B9}"
EndProject
Project("{2150E333-8FDC-42A3-9474-1A3956D46DE8}") = "15、演示模块", "15、演示模块", "{01C5F7F1-5FB0-4C76-B3AD-722F7A28694C}"
EndProject
Project("{FAE04EC0-301F-11D3-BF4B-00C04F79EFBC}") = "LSVSpecialEffects", "15、演示模块\演示模块\LSVSpecialEffects.csproj", "{711D0FF4-3321-4BC8-ABB1-B6DBA42EF3D4}"
EndProject
Project("{2150E333-8FDC-42A3-9474-1A3956D46DE8}") = "17、管线", "17、管线", "{7833A2E0-305B-4897-9FE6-AECF833C696F}"
EndProject
Project("{FAE04EC0-301F-11D3-BF4B-00C04F79EFBC}") = "PipeLineSupport", "17、管线\管线\PipeLineSupport.csproj", "{7B6AA7FA-FC79-44A0-8687-6CB49564F045}"
EndProject
Project("{2150E333-8FDC-42A3-9474-1A3956D46DE8}") = "18、电力", "18、电力", "{E8ECB7E3-9362-4F22-9BD4-9503A5F3D023}"
EndProject
Project("{FAE04EC0-301F-11D3-BF4B-00C04F79EFBC}") = "ElectricSupport", "18、电力\电力支持\ElectricSupport.csproj", "{864A4282-9ED1-453D-9152-B821003B3D67}"
EndProject
Global
	GlobalSection(SolutionConfigurationPlatforms) = preSolution
		Debug|Any CPU = Debug|Any CPU
		Debug|x64 = Debug|x64
		Release|Any CPU = Release|Any CPU
		Release|x64 = Release|x64
	EndGlobalSection
	GlobalSection(ProjectConfigurationPlatforms) = postSolution
		{801454A8-7E30-4BF7-820F-FE78F489361A}.Debug|Any CPU.ActiveCfg = Debug|Any CPU
		{801454A8-7E30-4BF7-820F-FE78F489361A}.Debug|Any CPU.Build.0 = Debug|Any CPU
		{801454A8-7E30-4BF7-820F-FE78F489361A}.Debug|x64.ActiveCfg = Debug|x64
		{801454A8-7E30-4BF7-820F-FE78F489361A}.Debug|x64.Build.0 = Debug|x64
		{801454A8-7E30-4BF7-820F-FE78F489361A}.Release|Any CPU.ActiveCfg = Release|Any CPU
		{801454A8-7E30-4BF7-820F-FE78F489361A}.Release|Any CPU.Build.0 = Release|Any CPU
		{801454A8-7E30-4BF7-820F-FE78F489361A}.Release|x64.ActiveCfg = Release|x64
		{801454A8-7E30-4BF7-820F-FE78F489361A}.Release|x64.Build.0 = Release|x64
		{FEAE348B-8866-4E2D-8F25-A123BE67B4D1}.Debug|Any CPU.ActiveCfg = Debug|Any CPU
		{FEAE348B-8866-4E2D-8F25-A123BE67B4D1}.Debug|Any CPU.Build.0 = Debug|Any CPU
		{FEAE348B-8866-4E2D-8F25-A123BE67B4D1}.Debug|x64.ActiveCfg = Debug|x64
		{FEAE348B-8866-4E2D-8F25-A123BE67B4D1}.Debug|x64.Build.0 = Debug|x64
		{FEAE348B-8866-4E2D-8F25-A123BE67B4D1}.Release|Any CPU.ActiveCfg = Release|Any CPU
		{FEAE348B-8866-4E2D-8F25-A123BE67B4D1}.Release|Any CPU.Build.0 = Release|Any CPU
		{FEAE348B-8866-4E2D-8F25-A123BE67B4D1}.Release|x64.ActiveCfg = Release|x64
		{FEAE348B-8866-4E2D-8F25-A123BE67B4D1}.Release|x64.Build.0 = Release|x64
		{821ADD4F-A518-4FB4-90C4-84349DD11E47}.Debug|Any CPU.ActiveCfg = Debug|Any CPU
		{821ADD4F-A518-4FB4-90C4-84349DD11E47}.Debug|Any CPU.Build.0 = Debug|Any CPU
		{821ADD4F-A518-4FB4-90C4-84349DD11E47}.Debug|x64.ActiveCfg = Debug|x64
		{821ADD4F-A518-4FB4-90C4-84349DD11E47}.Debug|x64.Build.0 = Debug|x64
		{821ADD4F-A518-4FB4-90C4-84349DD11E47}.Release|Any CPU.ActiveCfg = Release|Any CPU
		{821ADD4F-A518-4FB4-90C4-84349DD11E47}.Release|Any CPU.Build.0 = Release|Any CPU
		{821ADD4F-A518-4FB4-90C4-84349DD11E47}.Release|x64.ActiveCfg = Release|x64
		{821ADD4F-A518-4FB4-90C4-84349DD11E47}.Release|x64.Build.0 = Release|x64
		{22E103F4-3CFB-4C4B-BB26-B82E8F460FBA}.Debug|Any CPU.ActiveCfg = Debug|Any CPU
		{22E103F4-3CFB-4C4B-BB26-B82E8F460FBA}.Debug|Any CPU.Build.0 = Debug|Any CPU
		{22E103F4-3CFB-4C4B-BB26-B82E8F460FBA}.Debug|x64.ActiveCfg = Debug|x64
		{22E103F4-3CFB-4C4B-BB26-B82E8F460FBA}.Debug|x64.Build.0 = Debug|x64
		{22E103F4-3CFB-4C4B-BB26-B82E8F460FBA}.Release|Any CPU.ActiveCfg = Release|Any CPU
		{22E103F4-3CFB-4C4B-BB26-B82E8F460FBA}.Release|Any CPU.Build.0 = Release|Any CPU
		{22E103F4-3CFB-4C4B-BB26-B82E8F460FBA}.Release|x64.ActiveCfg = Release|x64
		{22E103F4-3CFB-4C4B-BB26-B82E8F460FBA}.Release|x64.Build.0 = Release|x64
		{AD0EB48E-BE17-45A9-8765-C89E57548CA3}.Debug|Any CPU.ActiveCfg = Debug|Any CPU
		{AD0EB48E-BE17-45A9-8765-C89E57548CA3}.Debug|Any CPU.Build.0 = Debug|Any CPU
		{AD0EB48E-BE17-45A9-8765-C89E57548CA3}.Debug|x64.ActiveCfg = Debug|x64
		{AD0EB48E-BE17-45A9-8765-C89E57548CA3}.Debug|x64.Build.0 = Debug|x64
		{AD0EB48E-BE17-45A9-8765-C89E57548CA3}.Release|Any CPU.ActiveCfg = Release|Any CPU
		{AD0EB48E-BE17-45A9-8765-C89E57548CA3}.Release|Any CPU.Build.0 = Release|Any CPU
		{AD0EB48E-BE17-45A9-8765-C89E57548CA3}.Release|x64.ActiveCfg = Release|x64
		{AD0EB48E-BE17-45A9-8765-C89E57548CA3}.Release|x64.Build.0 = Release|x64
		{21AA5582-4AC8-4A29-9BCB-3B5EC4C687A3}.Debug|Any CPU.ActiveCfg = Debug|Any CPU
		{21AA5582-4AC8-4A29-9BCB-3B5EC4C687A3}.Debug|Any CPU.Build.0 = Debug|Any CPU
		{21AA5582-4AC8-4A29-9BCB-3B5EC4C687A3}.Debug|x64.ActiveCfg = Debug|x64
		{21AA5582-4AC8-4A29-9BCB-3B5EC4C687A3}.Debug|x64.Build.0 = Debug|x64
		{21AA5582-4AC8-4A29-9BCB-3B5EC4C687A3}.Release|Any CPU.ActiveCfg = Release|Any CPU
		{21AA5582-4AC8-4A29-9BCB-3B5EC4C687A3}.Release|Any CPU.Build.0 = Release|Any CPU
		{21AA5582-4AC8-4A29-9BCB-3B5EC4C687A3}.Release|x64.ActiveCfg = Release|x64
		{21AA5582-4AC8-4A29-9BCB-3B5EC4C687A3}.Release|x64.Build.0 = Release|x64
		{47AE5F9F-24B7-4101-8427-BB0EDCA88CEC}.Debug|Any CPU.ActiveCfg = Debug|Any CPU
		{47AE5F9F-24B7-4101-8427-BB0EDCA88CEC}.Debug|Any CPU.Build.0 = Debug|Any CPU
		{47AE5F9F-24B7-4101-8427-BB0EDCA88CEC}.Debug|x64.ActiveCfg = Debug|x64
		{47AE5F9F-24B7-4101-8427-BB0EDCA88CEC}.Debug|x64.Build.0 = Debug|x64
		{47AE5F9F-24B7-4101-8427-BB0EDCA88CEC}.Release|Any CPU.ActiveCfg = Release|Any CPU
		{47AE5F9F-24B7-4101-8427-BB0EDCA88CEC}.Release|Any CPU.Build.0 = Release|Any CPU
		{47AE5F9F-24B7-4101-8427-BB0EDCA88CEC}.Release|x64.ActiveCfg = Release|x64
		{47AE5F9F-24B7-4101-8427-BB0EDCA88CEC}.Release|x64.Build.0 = Release|x64
		{03CE23E7-CF29-428B-BBFE-35FE72C6B2D2}.Debug|Any CPU.ActiveCfg = Debug|Any CPU
		{03CE23E7-CF29-428B-BBFE-35FE72C6B2D2}.Debug|Any CPU.Build.0 = Debug|Any CPU
		{03CE23E7-CF29-428B-BBFE-35FE72C6B2D2}.Debug|x64.ActiveCfg = Debug|x64
		{03CE23E7-CF29-428B-BBFE-35FE72C6B2D2}.Debug|x64.Build.0 = Debug|x64
		{03CE23E7-CF29-428B-BBFE-35FE72C6B2D2}.Release|Any CPU.ActiveCfg = Release|Any CPU
		{03CE23E7-CF29-428B-BBFE-35FE72C6B2D2}.Release|Any CPU.Build.0 = Release|Any CPU
		{03CE23E7-CF29-428B-BBFE-35FE72C6B2D2}.Release|x64.ActiveCfg = Release|x64
		{03CE23E7-CF29-428B-BBFE-35FE72C6B2D2}.Release|x64.Build.0 = Release|x64
		{6CA1BFBA-CEC4-4A65-B147-21A47BF97C46}.Debug|Any CPU.ActiveCfg = Debug|Any CPU
		{6CA1BFBA-CEC4-4A65-B147-21A47BF97C46}.Debug|Any CPU.Build.0 = Debug|Any CPU
		{6CA1BFBA-CEC4-4A65-B147-21A47BF97C46}.Debug|x64.ActiveCfg = Debug|x64
		{6CA1BFBA-CEC4-4A65-B147-21A47BF97C46}.Debug|x64.Build.0 = Debug|x64
		{6CA1BFBA-CEC4-4A65-B147-21A47BF97C46}.Release|Any CPU.ActiveCfg = Release|Any CPU
		{6CA1BFBA-CEC4-4A65-B147-21A47BF97C46}.Release|Any CPU.Build.0 = Release|Any CPU
		{6CA1BFBA-CEC4-4A65-B147-21A47BF97C46}.Release|x64.ActiveCfg = Release|x64
		{6CA1BFBA-CEC4-4A65-B147-21A47BF97C46}.Release|x64.Build.0 = Release|x64
		{009655F3-4FF4-4CF8-B3BD-7AC795F62E3F}.Debug|Any CPU.ActiveCfg = Debug|Any CPU
		{009655F3-4FF4-4CF8-B3BD-7AC795F62E3F}.Debug|Any CPU.Build.0 = Debug|Any CPU
		{009655F3-4FF4-4CF8-B3BD-7AC795F62E3F}.Debug|x64.ActiveCfg = Debug|x64
		{009655F3-4FF4-4CF8-B3BD-7AC795F62E3F}.Debug|x64.Build.0 = Debug|x64
		{009655F3-4FF4-4CF8-B3BD-7AC795F62E3F}.Release|Any CPU.ActiveCfg = Release|Any CPU
		{009655F3-4FF4-4CF8-B3BD-7AC795F62E3F}.Release|Any CPU.Build.0 = Release|Any CPU
		{009655F3-4FF4-4CF8-B3BD-7AC795F62E3F}.Release|x64.ActiveCfg = Release|x64
		{009655F3-4FF4-4CF8-B3BD-7AC795F62E3F}.Release|x64.Build.0 = Release|x64
		{753E48BC-F24A-4A2A-91D6-3CDA3E9A200B}.Debug|Any CPU.ActiveCfg = Debug|Any CPU
		{753E48BC-F24A-4A2A-91D6-3CDA3E9A200B}.Debug|Any CPU.Build.0 = Debug|Any CPU
		{753E48BC-F24A-4A2A-91D6-3CDA3E9A200B}.Debug|x64.ActiveCfg = Debug|x64
		{753E48BC-F24A-4A2A-91D6-3CDA3E9A200B}.Debug|x64.Build.0 = Debug|x64
		{753E48BC-F24A-4A2A-91D6-3CDA3E9A200B}.Release|Any CPU.ActiveCfg = Release|Any CPU
		{753E48BC-F24A-4A2A-91D6-3CDA3E9A200B}.Release|Any CPU.Build.0 = Release|Any CPU
		{753E48BC-F24A-4A2A-91D6-3CDA3E9A200B}.Release|x64.ActiveCfg = Release|x64
		{753E48BC-F24A-4A2A-91D6-3CDA3E9A200B}.Release|x64.Build.0 = Release|x64
		{FA235742-B9AF-4D96-B350-C09611D0E546}.Debug|Any CPU.ActiveCfg = Debug|Any CPU
		{FA235742-B9AF-4D96-B350-C09611D0E546}.Debug|Any CPU.Build.0 = Debug|Any CPU
		{FA235742-B9AF-4D96-B350-C09611D0E546}.Debug|x64.ActiveCfg = Debug|x64
		{FA235742-B9AF-4D96-B350-C09611D0E546}.Debug|x64.Build.0 = Debug|x64
		{FA235742-B9AF-4D96-B350-C09611D0E546}.Release|Any CPU.ActiveCfg = Release|Any CPU
		{FA235742-B9AF-4D96-B350-C09611D0E546}.Release|Any CPU.Build.0 = Release|Any CPU
		{FA235742-B9AF-4D96-B350-C09611D0E546}.Release|x64.ActiveCfg = Release|x64
		{FA235742-B9AF-4D96-B350-C09611D0E546}.Release|x64.Build.0 = Release|x64
		{E8D64E48-F9C2-4EB1-B45E-E4C5ACAD1720}.Debug|Any CPU.ActiveCfg = Debug|Any CPU
		{E8D64E48-F9C2-4EB1-B45E-E4C5ACAD1720}.Debug|Any CPU.Build.0 = Debug|Any CPU
		{E8D64E48-F9C2-4EB1-B45E-E4C5ACAD1720}.Debug|x64.ActiveCfg = Debug|x64
		{E8D64E48-F9C2-4EB1-B45E-E4C5ACAD1720}.Debug|x64.Build.0 = Debug|x64
		{E8D64E48-F9C2-4EB1-B45E-E4C5ACAD1720}.Release|Any CPU.ActiveCfg = Release|Any CPU
		{E8D64E48-F9C2-4EB1-B45E-E4C5ACAD1720}.Release|Any CPU.Build.0 = Release|Any CPU
		{E8D64E48-F9C2-4EB1-B45E-E4C5ACAD1720}.Release|x64.ActiveCfg = Release|x64
		{E8D64E48-F9C2-4EB1-B45E-E4C5ACAD1720}.Release|x64.Build.0 = Release|x64
		{DBC5C350-0D19-4506-AD30-F58924D03189}.Debug|Any CPU.ActiveCfg = Debug|Any CPU
		{DBC5C350-0D19-4506-AD30-F58924D03189}.Debug|Any CPU.Build.0 = Debug|Any CPU
		{DBC5C350-0D19-4506-AD30-F58924D03189}.Debug|x64.ActiveCfg = Debug|x64
		{DBC5C350-0D19-4506-AD30-F58924D03189}.Debug|x64.Build.0 = Debug|x64
		{DBC5C350-0D19-4506-AD30-F58924D03189}.Release|Any CPU.ActiveCfg = Release|Any CPU
		{DBC5C350-0D19-4506-AD30-F58924D03189}.Release|Any CPU.Build.0 = Release|Any CPU
		{DBC5C350-0D19-4506-AD30-F58924D03189}.Release|x64.ActiveCfg = Release|x64
		{DBC5C350-0D19-4506-AD30-F58924D03189}.Release|x64.Build.0 = Release|x64
		{8C0554A1-076F-4A0B-BBF4-80A159A5BFCA}.Debug|Any CPU.ActiveCfg = Debug|Any CPU
		{8C0554A1-076F-4A0B-BBF4-80A159A5BFCA}.Debug|Any CPU.Build.0 = Debug|Any CPU
		{8C0554A1-076F-4A0B-BBF4-80A159A5BFCA}.Debug|x64.ActiveCfg = Debug|x64
		{8C0554A1-076F-4A0B-BBF4-80A159A5BFCA}.Debug|x64.Build.0 = Debug|x64
		{8C0554A1-076F-4A0B-BBF4-80A159A5BFCA}.Release|Any CPU.ActiveCfg = Release|Any CPU
		{8C0554A1-076F-4A0B-BBF4-80A159A5BFCA}.Release|Any CPU.Build.0 = Release|Any CPU
		{8C0554A1-076F-4A0B-BBF4-80A159A5BFCA}.Release|x64.ActiveCfg = Release|x64
		{8C0554A1-076F-4A0B-BBF4-80A159A5BFCA}.Release|x64.Build.0 = Release|x64
		{27D30CAF-72C3-4740-B65E-196B47349AB8}.Debug|Any CPU.ActiveCfg = Debug|Any CPU
		{27D30CAF-72C3-4740-B65E-196B47349AB8}.Debug|Any CPU.Build.0 = Debug|Any CPU
		{27D30CAF-72C3-4740-B65E-196B47349AB8}.Debug|x64.ActiveCfg = Debug|x64
		{27D30CAF-72C3-4740-B65E-196B47349AB8}.Debug|x64.Build.0 = Debug|x64
		{27D30CAF-72C3-4740-B65E-196B47349AB8}.Release|Any CPU.ActiveCfg = Release|Any CPU
		{27D30CAF-72C3-4740-B65E-196B47349AB8}.Release|Any CPU.Build.0 = Release|Any CPU
		{27D30CAF-72C3-4740-B65E-196B47349AB8}.Release|x64.ActiveCfg = Release|x64
		{27D30CAF-72C3-4740-B65E-196B47349AB8}.Release|x64.Build.0 = Release|x64
		{A4617F35-9CEA-431A-B211-D23287A4055B}.Debug|Any CPU.ActiveCfg = Debug|Any CPU
		{A4617F35-9CEA-431A-B211-D23287A4055B}.Debug|Any CPU.Build.0 = Debug|Any CPU
		{A4617F35-9CEA-431A-B211-D23287A4055B}.Debug|x64.ActiveCfg = Debug|x64
		{A4617F35-9CEA-431A-B211-D23287A4055B}.Debug|x64.Build.0 = Debug|x64
		{A4617F35-9CEA-431A-B211-D23287A4055B}.Release|Any CPU.ActiveCfg = Release|Any CPU
		{A4617F35-9CEA-431A-B211-D23287A4055B}.Release|Any CPU.Build.0 = Release|Any CPU
		{A4617F35-9CEA-431A-B211-D23287A4055B}.Release|x64.ActiveCfg = Release|x64
		{A4617F35-9CEA-431A-B211-D23287A4055B}.Release|x64.Build.0 = Release|x64
		{397F0B49-65D2-49B0-AB9C-EAC8A6FF031A}.Debug|Any CPU.ActiveCfg = Debug|Any CPU
		{397F0B49-65D2-49B0-AB9C-EAC8A6FF031A}.Debug|Any CPU.Build.0 = Debug|Any CPU
		{397F0B49-65D2-49B0-AB9C-EAC8A6FF031A}.Debug|x64.ActiveCfg = Debug|x64
		{397F0B49-65D2-49B0-AB9C-EAC8A6FF031A}.Debug|x64.Build.0 = Debug|x64
		{397F0B49-65D2-49B0-AB9C-EAC8A6FF031A}.Release|Any CPU.ActiveCfg = Release|Any CPU
		{397F0B49-65D2-49B0-AB9C-EAC8A6FF031A}.Release|Any CPU.Build.0 = Release|Any CPU
		{397F0B49-65D2-49B0-AB9C-EAC8A6FF031A}.Release|x64.ActiveCfg = Release|x64
		{397F0B49-65D2-49B0-AB9C-EAC8A6FF031A}.Release|x64.Build.0 = Release|x64
		{92176EA4-3E00-48D5-9C2D-2222A2E8CA9F}.Debug|Any CPU.ActiveCfg = Debug|Any CPU
		{92176EA4-3E00-48D5-9C2D-2222A2E8CA9F}.Debug|Any CPU.Build.0 = Debug|Any CPU
		{92176EA4-3E00-48D5-9C2D-2222A2E8CA9F}.Debug|x64.ActiveCfg = Debug|x64
		{92176EA4-3E00-48D5-9C2D-2222A2E8CA9F}.Debug|x64.Build.0 = Debug|x64
		{92176EA4-3E00-48D5-9C2D-2222A2E8CA9F}.Release|Any CPU.ActiveCfg = Release|Any CPU
		{92176EA4-3E00-48D5-9C2D-2222A2E8CA9F}.Release|Any CPU.Build.0 = Release|Any CPU
		{92176EA4-3E00-48D5-9C2D-2222A2E8CA9F}.Release|x64.ActiveCfg = Release|x64
		{92176EA4-3E00-48D5-9C2D-2222A2E8CA9F}.Release|x64.Build.0 = Release|x64
		{0E46031A-AB5D-4A56-B846-D103B3F6AE9F}.Debug|Any CPU.ActiveCfg = Debug|Any CPU
		{0E46031A-AB5D-4A56-B846-D103B3F6AE9F}.Debug|Any CPU.Build.0 = Debug|Any CPU
		{0E46031A-AB5D-4A56-B846-D103B3F6AE9F}.Debug|x64.ActiveCfg = Debug|x64
		{0E46031A-AB5D-4A56-B846-D103B3F6AE9F}.Debug|x64.Build.0 = Debug|x64
		{0E46031A-AB5D-4A56-B846-D103B3F6AE9F}.Release|Any CPU.ActiveCfg = Release|Any CPU
		{0E46031A-AB5D-4A56-B846-D103B3F6AE9F}.Release|Any CPU.Build.0 = Release|Any CPU
		{0E46031A-AB5D-4A56-B846-D103B3F6AE9F}.Release|x64.ActiveCfg = Release|x64
		{0E46031A-AB5D-4A56-B846-D103B3F6AE9F}.Release|x64.Build.0 = Release|x64
		{9BFBEEE8-0299-4A39-897C-9AE6E82BD741}.Debug|Any CPU.ActiveCfg = Debug|Any CPU
		{9BFBEEE8-0299-4A39-897C-9AE6E82BD741}.Debug|Any CPU.Build.0 = Debug|Any CPU
		{9BFBEEE8-0299-4A39-897C-9AE6E82BD741}.Debug|x64.ActiveCfg = Debug|x64
		{9BFBEEE8-0299-4A39-897C-9AE6E82BD741}.Debug|x64.Build.0 = Debug|x64
		{9BFBEEE8-0299-4A39-897C-9AE6E82BD741}.Release|Any CPU.ActiveCfg = Release|Any CPU
		{9BFBEEE8-0299-4A39-897C-9AE6E82BD741}.Release|Any CPU.Build.0 = Release|Any CPU
		{9BFBEEE8-0299-4A39-897C-9AE6E82BD741}.Release|x64.ActiveCfg = Release|x64
		{9BFBEEE8-0299-4A39-897C-9AE6E82BD741}.Release|x64.Build.0 = Release|x64
		{5660806C-BB94-4632-A4B6-29588B1596A9}.Debug|Any CPU.ActiveCfg = Debug|Any CPU
		{5660806C-BB94-4632-A4B6-29588B1596A9}.Debug|Any CPU.Build.0 = Debug|Any CPU
		{5660806C-BB94-4632-A4B6-29588B1596A9}.Debug|x64.ActiveCfg = Debug|x64
		{5660806C-BB94-4632-A4B6-29588B1596A9}.Debug|x64.Build.0 = Debug|x64
		{5660806C-BB94-4632-A4B6-29588B1596A9}.Release|Any CPU.ActiveCfg = Release|Any CPU
		{5660806C-BB94-4632-A4B6-29588B1596A9}.Release|Any CPU.Build.0 = Release|Any CPU
		{5660806C-BB94-4632-A4B6-29588B1596A9}.Release|x64.ActiveCfg = Release|x64
		{5660806C-BB94-4632-A4B6-29588B1596A9}.Release|x64.Build.0 = Release|x64
		{68A6297A-530B-4F9C-A24E-1E814FAB11F4}.Debug|Any CPU.ActiveCfg = Debug|Any CPU
		{68A6297A-530B-4F9C-A24E-1E814FAB11F4}.Debug|Any CPU.Build.0 = Debug|Any CPU
		{68A6297A-530B-4F9C-A24E-1E814FAB11F4}.Debug|x64.ActiveCfg = Debug|x64
		{68A6297A-530B-4F9C-A24E-1E814FAB11F4}.Debug|x64.Build.0 = Debug|x64
		{68A6297A-530B-4F9C-A24E-1E814FAB11F4}.Release|Any CPU.ActiveCfg = Release|Any CPU
		{68A6297A-530B-4F9C-A24E-1E814FAB11F4}.Release|Any CPU.Build.0 = Release|Any CPU
		{68A6297A-530B-4F9C-A24E-1E814FAB11F4}.Release|x64.ActiveCfg = Release|x64
		{68A6297A-530B-4F9C-A24E-1E814FAB11F4}.Release|x64.Build.0 = Release|x64
		{70A5DF8B-2891-4AEC-8E49-7C1A72779A30}.Debug|Any CPU.ActiveCfg = Debug|Any CPU
		{70A5DF8B-2891-4AEC-8E49-7C1A72779A30}.Debug|Any CPU.Build.0 = Debug|Any CPU
		{70A5DF8B-2891-4AEC-8E49-7C1A72779A30}.Debug|x64.ActiveCfg = Debug|x64
		{70A5DF8B-2891-4AEC-8E49-7C1A72779A30}.Debug|x64.Build.0 = Debug|x64
		{70A5DF8B-2891-4AEC-8E49-7C1A72779A30}.Release|Any CPU.ActiveCfg = Release|Any CPU
		{70A5DF8B-2891-4AEC-8E49-7C1A72779A30}.Release|Any CPU.Build.0 = Release|Any CPU
		{70A5DF8B-2891-4AEC-8E49-7C1A72779A30}.Release|x64.ActiveCfg = Release|x64
		{70A5DF8B-2891-4AEC-8E49-7C1A72779A30}.Release|x64.Build.0 = Release|x64
		{E5528AEF-A77D-4E42-95F1-68E7853D4BB4}.Debug|Any CPU.ActiveCfg = Debug|Any CPU
		{E5528AEF-A77D-4E42-95F1-68E7853D4BB4}.Debug|Any CPU.Build.0 = Debug|Any CPU
		{E5528AEF-A77D-4E42-95F1-68E7853D4BB4}.Debug|x64.ActiveCfg = Debug|x64
		{E5528AEF-A77D-4E42-95F1-68E7853D4BB4}.Debug|x64.Build.0 = Debug|x64
		{E5528AEF-A77D-4E42-95F1-68E7853D4BB4}.Release|Any CPU.ActiveCfg = Release|Any CPU
		{E5528AEF-A77D-4E42-95F1-68E7853D4BB4}.Release|Any CPU.Build.0 = Release|Any CPU
		{E5528AEF-A77D-4E42-95F1-68E7853D4BB4}.Release|x64.ActiveCfg = Release|x64
		{E5528AEF-A77D-4E42-95F1-68E7853D4BB4}.Release|x64.Build.0 = Release|x64
		{2E6FED77-DEEB-476F-82E7-02D14FF167F4}.Debug|Any CPU.ActiveCfg = Debug|Any CPU
		{2E6FED77-DEEB-476F-82E7-02D14FF167F4}.Debug|Any CPU.Build.0 = Debug|Any CPU
		{2E6FED77-DEEB-476F-82E7-02D14FF167F4}.Debug|x64.ActiveCfg = Debug|x64
		{2E6FED77-DEEB-476F-82E7-02D14FF167F4}.Debug|x64.Build.0 = Debug|x64
		{2E6FED77-DEEB-476F-82E7-02D14FF167F4}.Release|Any CPU.ActiveCfg = Release|Any CPU
		{2E6FED77-DEEB-476F-82E7-02D14FF167F4}.Release|Any CPU.Build.0 = Release|Any CPU
		{2E6FED77-DEEB-476F-82E7-02D14FF167F4}.Release|x64.ActiveCfg = Release|x64
		{2E6FED77-DEEB-476F-82E7-02D14FF167F4}.Release|x64.Build.0 = Release|x64
		{2AB8C57C-8469-4740-AB37-4CFB5F50A609}.Debug|Any CPU.ActiveCfg = Debug|Any CPU
		{2AB8C57C-8469-4740-AB37-4CFB5F50A609}.Debug|Any CPU.Build.0 = Debug|Any CPU
		{2AB8C57C-8469-4740-AB37-4CFB5F50A609}.Debug|x64.ActiveCfg = Debug|x64
		{2AB8C57C-8469-4740-AB37-4CFB5F50A609}.Debug|x64.Build.0 = Debug|x64
		{2AB8C57C-8469-4740-AB37-4CFB5F50A609}.Release|Any CPU.ActiveCfg = Release|Any CPU
		{2AB8C57C-8469-4740-AB37-4CFB5F50A609}.Release|Any CPU.Build.0 = Release|Any CPU
		{2AB8C57C-8469-4740-AB37-4CFB5F50A609}.Release|x64.ActiveCfg = Release|x64
		{2AB8C57C-8469-4740-AB37-4CFB5F50A609}.Release|x64.Build.0 = Release|x64
		{7B4C661B-9A16-496D-A2E7-2F7BF7A2C48A}.Debug|Any CPU.ActiveCfg = Debug|Any CPU
		{7B4C661B-9A16-496D-A2E7-2F7BF7A2C48A}.Debug|Any CPU.Build.0 = Debug|Any CPU
		{7B4C661B-9A16-496D-A2E7-2F7BF7A2C48A}.Debug|x64.ActiveCfg = Debug|x64
		{7B4C661B-9A16-496D-A2E7-2F7BF7A2C48A}.Debug|x64.Build.0 = Debug|x64
		{7B4C661B-9A16-496D-A2E7-2F7BF7A2C48A}.Release|Any CPU.ActiveCfg = Release|Any CPU
		{7B4C661B-9A16-496D-A2E7-2F7BF7A2C48A}.Release|Any CPU.Build.0 = Release|Any CPU
		{7B4C661B-9A16-496D-A2E7-2F7BF7A2C48A}.Release|x64.ActiveCfg = Release|x64
		{7B4C661B-9A16-496D-A2E7-2F7BF7A2C48A}.Release|x64.Build.0 = Release|x64
		{7E1891C2-28E5-4F35-A905-6A8B14BD5D5C}.Debug|Any CPU.ActiveCfg = Debug|Any CPU
		{7E1891C2-28E5-4F35-A905-6A8B14BD5D5C}.Debug|Any CPU.Build.0 = Debug|Any CPU
		{7E1891C2-28E5-4F35-A905-6A8B14BD5D5C}.Debug|x64.ActiveCfg = Debug|x64
		{7E1891C2-28E5-4F35-A905-6A8B14BD5D5C}.Debug|x64.Build.0 = Debug|x64
		{7E1891C2-28E5-4F35-A905-6A8B14BD5D5C}.Release|Any CPU.ActiveCfg = Release|Any CPU
		{7E1891C2-28E5-4F35-A905-6A8B14BD5D5C}.Release|Any CPU.Build.0 = Release|Any CPU
		{7E1891C2-28E5-4F35-A905-6A8B14BD5D5C}.Release|x64.ActiveCfg = Release|x64
		{7E1891C2-28E5-4F35-A905-6A8B14BD5D5C}.Release|x64.Build.0 = Release|x64
		{2CF3B2BE-3EE3-47D9-996E-BA5DE18499AD}.Debug|Any CPU.ActiveCfg = Debug|Any CPU
		{2CF3B2BE-3EE3-47D9-996E-BA5DE18499AD}.Debug|Any CPU.Build.0 = Debug|Any CPU
		{2CF3B2BE-3EE3-47D9-996E-BA5DE18499AD}.Debug|x64.ActiveCfg = Debug|x64
		{2CF3B2BE-3EE3-47D9-996E-BA5DE18499AD}.Debug|x64.Build.0 = Debug|x64
		{2CF3B2BE-3EE3-47D9-996E-BA5DE18499AD}.Release|Any CPU.ActiveCfg = Release|Any CPU
		{2CF3B2BE-3EE3-47D9-996E-BA5DE18499AD}.Release|Any CPU.Build.0 = Release|Any CPU
		{2CF3B2BE-3EE3-47D9-996E-BA5DE18499AD}.Release|x64.ActiveCfg = Release|x64
		{2CF3B2BE-3EE3-47D9-996E-BA5DE18499AD}.Release|x64.Build.0 = Release|x64
		{CB8EDC1D-05C1-4B04-B93E-02BB39CBBCF6}.Debug|Any CPU.ActiveCfg = Debug|Any CPU
		{CB8EDC1D-05C1-4B04-B93E-02BB39CBBCF6}.Debug|Any CPU.Build.0 = Debug|Any CPU
		{CB8EDC1D-05C1-4B04-B93E-02BB39CBBCF6}.Debug|x64.ActiveCfg = Debug|x64
		{CB8EDC1D-05C1-4B04-B93E-02BB39CBBCF6}.Debug|x64.Build.0 = Debug|x64
		{CB8EDC1D-05C1-4B04-B93E-02BB39CBBCF6}.Release|Any CPU.ActiveCfg = Release|Any CPU
		{CB8EDC1D-05C1-4B04-B93E-02BB39CBBCF6}.Release|Any CPU.Build.0 = Release|Any CPU
		{CB8EDC1D-05C1-4B04-B93E-02BB39CBBCF6}.Release|x64.ActiveCfg = Release|x64
		{CB8EDC1D-05C1-4B04-B93E-02BB39CBBCF6}.Release|x64.Build.0 = Release|x64
		{D40A29DE-5446-4AF6-8A61-009013B8896B}.Debug|Any CPU.ActiveCfg = Debug|Any CPU
		{D40A29DE-5446-4AF6-8A61-009013B8896B}.Debug|Any CPU.Build.0 = Debug|Any CPU
		{D40A29DE-5446-4AF6-8A61-009013B8896B}.Debug|x64.ActiveCfg = Debug|x64
		{D40A29DE-5446-4AF6-8A61-009013B8896B}.Debug|x64.Build.0 = Debug|x64
		{D40A29DE-5446-4AF6-8A61-009013B8896B}.Release|Any CPU.ActiveCfg = Release|Any CPU
		{D40A29DE-5446-4AF6-8A61-009013B8896B}.Release|Any CPU.Build.0 = Release|Any CPU
		{D40A29DE-5446-4AF6-8A61-009013B8896B}.Release|x64.ActiveCfg = Release|x64
		{D40A29DE-5446-4AF6-8A61-009013B8896B}.Release|x64.Build.0 = Release|x64
		{F2473557-7766-4A3D-9032-882110BD401D}.Debug|Any CPU.ActiveCfg = Debug|Any CPU
		{F2473557-7766-4A3D-9032-882110BD401D}.Debug|Any CPU.Build.0 = Debug|Any CPU
		{F2473557-7766-4A3D-9032-882110BD401D}.Debug|x64.ActiveCfg = Debug|x64
		{F2473557-7766-4A3D-9032-882110BD401D}.Debug|x64.Build.0 = Debug|x64
		{F2473557-7766-4A3D-9032-882110BD401D}.Release|Any CPU.ActiveCfg = Release|Any CPU
		{F2473557-7766-4A3D-9032-882110BD401D}.Release|Any CPU.Build.0 = Release|Any CPU
		{F2473557-7766-4A3D-9032-882110BD401D}.Release|x64.ActiveCfg = Release|x64
		{F2473557-7766-4A3D-9032-882110BD401D}.Release|x64.Build.0 = Release|x64
		{1EBB95F1-15DD-4202-8977-4475B98741A1}.Debug|Any CPU.ActiveCfg = Debug|Any CPU
		{1EBB95F1-15DD-4202-8977-4475B98741A1}.Debug|Any CPU.Build.0 = Debug|Any CPU
		{1EBB95F1-15DD-4202-8977-4475B98741A1}.Debug|x64.ActiveCfg = Debug|x64
		{1EBB95F1-15DD-4202-8977-4475B98741A1}.Debug|x64.Build.0 = Debug|x64
		{1EBB95F1-15DD-4202-8977-4475B98741A1}.Release|Any CPU.ActiveCfg = Release|Any CPU
		{1EBB95F1-15DD-4202-8977-4475B98741A1}.Release|Any CPU.Build.0 = Release|Any CPU
		{1EBB95F1-15DD-4202-8977-4475B98741A1}.Release|x64.ActiveCfg = Release|x64
		{1EBB95F1-15DD-4202-8977-4475B98741A1}.Release|x64.Build.0 = Release|x64
		{9F200ED9-E8CD-48CF-BE7C-ACB6B35D38B9}.Debug|Any CPU.ActiveCfg = Debug|Any CPU
		{9F200ED9-E8CD-48CF-BE7C-ACB6B35D38B9}.Debug|Any CPU.Build.0 = Debug|Any CPU
		{9F200ED9-E8CD-48CF-BE7C-ACB6B35D38B9}.Debug|x64.ActiveCfg = Debug|x64
		{9F200ED9-E8CD-48CF-BE7C-ACB6B35D38B9}.Debug|x64.Build.0 = Debug|x64
		{9F200ED9-E8CD-48CF-BE7C-ACB6B35D38B9}.Release|Any CPU.ActiveCfg = Release|Any CPU
		{9F200ED9-E8CD-48CF-BE7C-ACB6B35D38B9}.Release|Any CPU.Build.0 = Release|Any CPU
		{9F200ED9-E8CD-48CF-BE7C-ACB6B35D38B9}.Release|x64.ActiveCfg = Release|x64
		{9F200ED9-E8CD-48CF-BE7C-ACB6B35D38B9}.Release|x64.Build.0 = Release|x64
		{711D0FF4-3321-4BC8-ABB1-B6DBA42EF3D4}.Debug|Any CPU.ActiveCfg = Debug|Any CPU
		{711D0FF4-3321-4BC8-ABB1-B6DBA42EF3D4}.Debug|Any CPU.Build.0 = Debug|Any CPU
		{711D0FF4-3321-4BC8-ABB1-B6DBA42EF3D4}.Debug|x64.ActiveCfg = Debug|x64
		{711D0FF4-3321-4BC8-ABB1-B6DBA42EF3D4}.Debug|x64.Build.0 = Debug|x64
		{711D0FF4-3321-4BC8-ABB1-B6DBA42EF3D4}.Release|Any CPU.ActiveCfg = Release|Any CPU
		{711D0FF4-3321-4BC8-ABB1-B6DBA42EF3D4}.Release|Any CPU.Build.0 = Release|Any CPU
		{711D0FF4-3321-4BC8-ABB1-B6DBA42EF3D4}.Release|x64.ActiveCfg = Release|x64
		{711D0FF4-3321-4BC8-ABB1-B6DBA42EF3D4}.Release|x64.Build.0 = Release|x64
		{7B6AA7FA-FC79-44A0-8687-6CB49564F045}.Debug|Any CPU.ActiveCfg = Debug|Any CPU
		{7B6AA7FA-FC79-44A0-8687-6CB49564F045}.Debug|Any CPU.Build.0 = Debug|Any CPU
		{7B6AA7FA-FC79-44A0-8687-6CB49564F045}.Debug|x64.ActiveCfg = Debug|x64
		{7B6AA7FA-FC79-44A0-8687-6CB49564F045}.Debug|x64.Build.0 = Debug|x64
		{7B6AA7FA-FC79-44A0-8687-6CB49564F045}.Release|Any CPU.ActiveCfg = Release|Any CPU
		{7B6AA7FA-FC79-44A0-8687-6CB49564F045}.Release|Any CPU.Build.0 = Release|Any CPU
		{7B6AA7FA-FC79-44A0-8687-6CB49564F045}.Release|x64.ActiveCfg = Release|x64
		{7B6AA7FA-FC79-44A0-8687-6CB49564F045}.Release|x64.Build.0 = Release|x64
		{864A4282-9ED1-453D-9152-B821003B3D67}.Debug|Any CPU.ActiveCfg = Debug|Any CPU
		{864A4282-9ED1-453D-9152-B821003B3D67}.Debug|Any CPU.Build.0 = Debug|Any CPU
		{864A4282-9ED1-453D-9152-B821003B3D67}.Debug|x64.ActiveCfg = Debug|x64
		{864A4282-9ED1-453D-9152-B821003B3D67}.Debug|x64.Build.0 = Debug|x64
		{864A4282-9ED1-453D-9152-B821003B3D67}.Release|Any CPU.ActiveCfg = Release|Any CPU
		{864A4282-9ED1-453D-9152-B821003B3D67}.Release|Any CPU.Build.0 = Release|Any CPU
		{864A4282-9ED1-453D-9152-B821003B3D67}.Release|x64.ActiveCfg = Release|x64
		{864A4282-9ED1-453D-9152-B821003B3D67}.Release|x64.Build.0 = Release|x64
	EndGlobalSection
	GlobalSection(SolutionProperties) = preSolution
		HideSolutionNode = FALSE
	EndGlobalSection
	GlobalSection(NestedProjects) = preSolution
		{801454A8-7E30-4BF7-820F-FE78F489361A} = {15963773-1B40-44C8-9279-BAD814D0913A}
		{FEAE348B-8866-4E2D-8F25-A123BE67B4D1} = {C17D8282-D6B6-4894-B815-E09950F7B83E}
		{821ADD4F-A518-4FB4-90C4-84349DD11E47} = {5F195B31-A7EC-4040-96CE-12AC908AD24E}
		{22E103F4-3CFB-4C4B-BB26-B82E8F460FBA} = {5F195B31-A7EC-4040-96CE-12AC908AD24E}
		{AD0EB48E-BE17-45A9-8765-C89E57548CA3} = {5F195B31-A7EC-4040-96CE-12AC908AD24E}
		{21AA5582-4AC8-4A29-9BCB-3B5EC4C687A3} = {5F195B31-A7EC-4040-96CE-12AC908AD24E}
		{47AE5F9F-24B7-4101-8427-BB0EDCA88CEC} = {5F195B31-A7EC-4040-96CE-12AC908AD24E}
		{03CE23E7-CF29-428B-BBFE-35FE72C6B2D2} = {3B9ECBB6-DFBC-4592-9C63-4DCDB8871574}
		{6CA1BFBA-CEC4-4A65-B147-21A47BF97C46} = {3B9ECBB6-DFBC-4592-9C63-4DCDB8871574}
		{009655F3-4FF4-4CF8-B3BD-7AC795F62E3F} = {3B9ECBB6-DFBC-4592-9C63-4DCDB8871574}
		{753E48BC-F24A-4A2A-91D6-3CDA3E9A200B} = {3B9ECBB6-DFBC-4592-9C63-4DCDB8871574}
		{FA235742-B9AF-4D96-B350-C09611D0E546} = {3B9ECBB6-DFBC-4592-9C63-4DCDB8871574}
		{E8D64E48-F9C2-4EB1-B45E-E4C5ACAD1720} = {3B9ECBB6-DFBC-4592-9C63-4DCDB8871574}
		{DBC5C350-0D19-4506-AD30-F58924D03189} = {134CBB3D-C0F3-450C-B350-0376C20C1E6E}
		{8C0554A1-076F-4A0B-BBF4-80A159A5BFCA} = {CFD8A8AC-7783-4670-BB0C-A9F834686603}
		{27D30CAF-72C3-4740-B65E-196B47349AB8} = {CCEC3AA1-A621-41B6-9465-2FAB413332F3}
		{A4617F35-9CEA-431A-B211-D23287A4055B} = {E4EDAE55-9B79-4365-B57E-EFE9F589F346}
		{397F0B49-65D2-49B0-AB9C-EAC8A6FF031A} = {1ED3C22C-6CDD-4FF0-AD9E-152FC057624E}
		{92176EA4-3E00-48D5-9C2D-2222A2E8CA9F} = {53F934A2-4002-47A7-ABB7-A0838F52C86B}
		{0E46031A-AB5D-4A56-B846-D103B3F6AE9F} = {53F934A2-4002-47A7-ABB7-A0838F52C86B}
		{9BFBEEE8-0299-4A39-897C-9AE6E82BD741} = {53F934A2-4002-47A7-ABB7-A0838F52C86B}
		{5660806C-BB94-4632-A4B6-29588B1596A9} = {53F934A2-4002-47A7-ABB7-A0838F52C86B}
		{68A6297A-530B-4F9C-A24E-1E814FAB11F4} = {53F934A2-4002-47A7-ABB7-A0838F52C86B}
		{70A5DF8B-2891-4AEC-8E49-7C1A72779A30} = {53F934A2-4002-47A7-ABB7-A0838F52C86B}
		{E5528AEF-A77D-4E42-95F1-68E7853D4BB4} = {53F934A2-4002-47A7-ABB7-A0838F52C86B}
		{2E6FED77-DEEB-476F-82E7-02D14FF167F4} = {53F934A2-4002-47A7-ABB7-A0838F52C86B}
		{2AB8C57C-8469-4740-AB37-4CFB5F50A609} = {53F934A2-4002-47A7-ABB7-A0838F52C86B}
		{7B4C661B-9A16-496D-A2E7-2F7BF7A2C48A} = {C52EA538-1F69-4032-9C0D-9A25DAD36F14}
		{7E1891C2-28E5-4F35-A905-6A8B14BD5D5C} = {C52EA538-1F69-4032-9C0D-9A25DAD36F14}
		{2CF3B2BE-3EE3-47D9-996E-BA5DE18499AD} = {421D167F-7921-48E5-A14C-DEB2AB38ECF4}
		{CB8EDC1D-05C1-4B04-B93E-02BB39CBBCF6} = {353AB909-3CAD-43E4-BD9D-248F25E41DAF}
		{D40A29DE-5446-4AF6-8A61-009013B8896B} = {E9E7D3E1-A224-4777-BD08-5C808F834B39}
		{F2473557-7766-4A3D-9032-882110BD401D} = {4859CF19-25DF-4CF1-B8BB-D69095147744}
		{1EBB95F1-15DD-4202-8977-4475B98741A1} = {B653CC22-4564-495D-9FDE-CB933ABC3D18}
		{9F200ED9-E8CD-48CF-BE7C-ACB6B35D38B9} = {BE670BCC-F19F-4F97-AB97-6A3032E6E7E9}
		{711D0FF4-3321-4BC8-ABB1-B6DBA42EF3D4} = {01C5F7F1-5FB0-4C76-B3AD-722F7A28694C}
		{7B6AA7FA-FC79-44A0-8687-6CB49564F045} = {7833A2E0-305B-4897-9FE6-AECF833C696F}
		{864A4282-9ED1-453D-9152-B821003B3D67} = {E8ECB7E3-9362-4F22-9BD4-9503A5F3D023}
	EndGlobalSection
	GlobalSection(ExtensibilityGlobals) = postSolution
		SolutionGuid = {F9810630-56C0-41B0-B34B-D3BAC253F982}
	EndGlobalSection
EndGlobal
