
Microsoft Visual Studio Solution File, Format Version 12.00
# Visual Studio 2012
Project("{FAE04EC0-301F-11D3-BF4B-00C04F79EFBC}") = "HUD", "HUD\HUD.csproj", "{03CE23E7-CF29-428B-BBFE-35FE72C6B2D2}"
EndProject
Project("{FAE04EC0-301F-11D3-BF4B-00C04F79EFBC}") = "地图全屏", "地图全屏\地图全屏.csproj", "{6CA1BFBA-CEC4-4A65-B147-21A47BF97C46}"
EndProject
Project("{FAE04EC0-301F-11D3-BF4B-00C04F79EFBC}") = "视角设置", "视角设置\视角设置.csproj", "{009655F3-4FF4-4CF8-B3BD-7AC795F62E3F}"
EndProject
Project("{FAE04EC0-301F-11D3-BF4B-00C04F79EFBC}") = "三维立体", "三维立体\三维立体.csproj", "{753E48BC-F24A-4A2A-91D6-3CDA3E9A200B}"
EndProject
Project("{FAE04EC0-301F-11D3-BF4B-00C04F79EFBC}") = "飞行模式", "沿线飞行\飞行模式.csproj", "{FA235742-B9AF-4D96-B350-C09611D0E546}"
EndProject
Project("{FAE04EC0-301F-11D3-BF4B-00C04F79EFBC}") = "界面文字", "界面文字\界面文字.csproj", "{E8D64E48-F9C2-4EB1-B45E-E4C5ACAD1720}"
EndProject
Global
	GlobalSection(SolutionConfigurationPlatforms) = preSolution
		Debug|Any CPU = Debug|Any CPU
		Release|Any CPU = Release|Any CPU
	EndGlobalSection
	GlobalSection(ProjectConfigurationPlatforms) = postSolution
		{03CE23E7-CF29-428B-BBFE-35FE72C6B2D2}.Debug|Any CPU.ActiveCfg = Debug|Any CPU
		{03CE23E7-CF29-428B-BBFE-35FE72C6B2D2}.Debug|Any CPU.Build.0 = Debug|Any CPU
		{03CE23E7-CF29-428B-BBFE-35FE72C6B2D2}.Release|Any CPU.ActiveCfg = Release|Any CPU
		{03CE23E7-CF29-428B-BBFE-35FE72C6B2D2}.Release|Any CPU.Build.0 = Release|Any CPU
		{6CA1BFBA-CEC4-4A65-B147-21A47BF97C46}.Debug|Any CPU.ActiveCfg = Debug|Any CPU
		{6CA1BFBA-CEC4-4A65-B147-21A47BF97C46}.Debug|Any CPU.Build.0 = Debug|Any CPU
		{6CA1BFBA-CEC4-4A65-B147-21A47BF97C46}.Release|Any CPU.ActiveCfg = Release|Any CPU
		{6CA1BFBA-CEC4-4A65-B147-21A47BF97C46}.Release|Any CPU.Build.0 = Release|Any CPU
		{009655F3-4FF4-4CF8-B3BD-7AC795F62E3F}.Debug|Any CPU.ActiveCfg = Debug|Any CPU
		{009655F3-4FF4-4CF8-B3BD-7AC795F62E3F}.Debug|Any CPU.Build.0 = Debug|Any CPU
		{009655F3-4FF4-4CF8-B3BD-7AC795F62E3F}.Release|Any CPU.ActiveCfg = Release|Any CPU
		{009655F3-4FF4-4CF8-B3BD-7AC795F62E3F}.Release|Any CPU.Build.0 = Release|Any CPU
		{753E48BC-F24A-4A2A-91D6-3CDA3E9A200B}.Debug|Any CPU.ActiveCfg = Debug|Any CPU
		{753E48BC-F24A-4A2A-91D6-3CDA3E9A200B}.Debug|Any CPU.Build.0 = Debug|Any CPU
		{753E48BC-F24A-4A2A-91D6-3CDA3E9A200B}.Release|Any CPU.ActiveCfg = Release|Any CPU
		{753E48BC-F24A-4A2A-91D6-3CDA3E9A200B}.Release|Any CPU.Build.0 = Release|Any CPU
		{FA235742-B9AF-4D96-B350-C09611D0E546}.Debug|Any CPU.ActiveCfg = Debug|Any CPU
		{FA235742-B9AF-4D96-B350-C09611D0E546}.Debug|Any CPU.Build.0 = Debug|Any CPU
		{FA235742-B9AF-4D96-B350-C09611D0E546}.Release|Any CPU.ActiveCfg = Release|Any CPU
		{FA235742-B9AF-4D96-B350-C09611D0E546}.Release|Any CPU.Build.0 = Release|Any CPU
		{E8D64E48-F9C2-4EB1-B45E-E4C5ACAD1720}.Debug|Any CPU.ActiveCfg = Debug|Any CPU
		{E8D64E48-F9C2-4EB1-B45E-E4C5ACAD1720}.Debug|Any CPU.Build.0 = Debug|Any CPU
		{E8D64E48-F9C2-4EB1-B45E-E4C5ACAD1720}.Release|Any CPU.ActiveCfg = Release|Any CPU
		{E8D64E48-F9C2-4EB1-B45E-E4C5ACAD1720}.Release|Any CPU.Build.0 = Release|Any CPU
	EndGlobalSection
	GlobalSection(SolutionProperties) = preSolution
		HideSolutionNode = FALSE
	EndGlobalSection
EndGlobal
